Microsoft Visual Studio Solution File, Format Version 12.00
# Visual Studio Version 17
VisualStudioVersion = 17.5.2.0
MinimumVisualStudioVersion = 10.0.40219.1
Project("{FAE04EC0-301F-11D3-BF4B-00C04F79EFBC}") = "DeviceManagement", "DeviceManagement.csproj", "{B0E9628B-3050-B9CF-6CAD-D274A48235D7}"
EndProject
Global
	GlobalSection(SolutionConfigurationPlatforms) = preSolution
		Debug|Any CPU = Debug|Any CPU
		Release|Any CPU = Release|Any CPU
	EndGlobalSection
	GlobalSection(ProjectConfigurationPlatforms) = postSolution
		{B0E9628B-3050-B9CF-6CAD-D274A48235D7}.Debug|Any CPU.ActiveCfg = Debug|Any CPU
		{B0E9628B-3050-B9CF-6CAD-D274A48235D7}.Debug|Any CPU.Build.0 = Debug|Any CPU
		{B0E9628B-3050-B9CF-6CAD-D274A48235D7}.Release|Any CPU.ActiveCfg = Release|Any CPU
		{B0E9628B-3050-B9CF-6CAD-D274A48235D7}.Release|Any CPU.Build.0 = Release|Any CPU
	EndGlobalSection
	GlobalSection(SolutionProperties) = preSolution
		HideSolutionNode = FALSE
	EndGlobalSection
	GlobalSection(ExtensibilityGlobals) = postSolution
		SolutionGuid = {6BAF7827-BB1C-432F-ABC3-E66A2BE69F0C}
	EndGlobalSection
EndGlobal
